
Microsoft Visual Studio Solution File, Format Version 12.00
# Visual Studio 14
VisualStudioVersion = 14.0.25420.1
MinimumVisualStudioVersion = 10.0.40219.1
Project("{FAE04EC0-301F-11D3-BF4B-00C04F79EFBC}") = "ListViewXamarin.Droid", "ListViewXamarin\ListViewXamarin.Droid\ListViewXamarin.Droid.csproj", "{275FC9CE-EDB6-43D3-91F9-BECE71FF1949}"
EndProject
Project("{FAE04EC0-301F-11D3-BF4B-00C04F79EFBC}") = "ListViewXamarin.iOS", "ListViewXamarin\ListViewXamarin.iOS\ListViewXamarin.iOS.csproj", "{F7E342C6-05C0-4D27-88C4-BACEF92D4A34}"
EndProject
Project("{FAE04EC0-301F-11D3-BF4B-00C04F79EFBC}") = "ListViewXamarin.UWP", "ListViewXamarin\ListViewXamarin.UWP\ListViewXamarin.UWP.csproj", "{0DD6307A-9B35-448C-B29E-21C197A54097}"
EndProject
Project("{FAE04EC0-301F-11D3-BF4B-00C04F79EFBC}") = "ListViewXamarin", "ListViewXamarin\ListViewXamarin\ListViewXamarin.csproj", "{9CC1479D-8DD0-4A0A-A39F-8DCA33B55081}"
EndProject
Global
	GlobalSection(SolutionConfigurationPlatforms) = preSolution
		Ad-Hoc|Any CPU = Ad-Hoc|Any CPU
		Ad-Hoc|ARM = Ad-Hoc|ARM
		Ad-Hoc|iPhone = Ad-Hoc|iPhone
		Ad-Hoc|iPhoneSimulator = Ad-Hoc|iPhoneSimulator
		Ad-Hoc|x64 = Ad-Hoc|x64
		Ad-Hoc|x86 = Ad-Hoc|x86
		AppStore|Any CPU = AppStore|Any CPU
		AppStore|ARM = AppStore|ARM
		AppStore|iPhone = AppStore|iPhone
		AppStore|iPhoneSimulator = AppStore|iPhoneSimulator
		AppStore|x64 = AppStore|x64
		AppStore|x86 = AppStore|x86
		Debug|Any CPU = Debug|Any CPU
		Debug|ARM = Debug|ARM
		Debug|iPhone = Debug|iPhone
		Debug|iPhoneSimulator = Debug|iPhoneSimulator
		Debug|x64 = Debug|x64
		Debug|x86 = Debug|x86
		Release|Any CPU = Release|Any CPU
		Release|ARM = Release|ARM
		Release|iPhone = Release|iPhone
		Release|iPhoneSimulator = Release|iPhoneSimulator
		Release|x64 = Release|x64
		Release|x86 = Release|x86
	EndGlobalSection
	GlobalSection(ProjectConfigurationPlatforms) = postSolution
		{275FC9CE-EDB6-43D3-91F9-BECE71FF1949}.Ad-Hoc|Any CPU.ActiveCfg = Release|Any CPU
		{275FC9CE-EDB6-43D3-91F9-BECE71FF1949}.Ad-Hoc|Any CPU.Build.0 = Release|Any CPU
		{275FC9CE-EDB6-43D3-91F9-BECE71FF1949}.Ad-Hoc|Any CPU.Deploy.0 = Release|Any CPU
		{275FC9CE-EDB6-43D3-91F9-BECE71FF1949}.Ad-Hoc|ARM.ActiveCfg = Release|Any CPU
		{275FC9CE-EDB6-43D3-91F9-BECE71FF1949}.Ad-Hoc|ARM.Build.0 = Release|Any CPU
		{275FC9CE-EDB6-43D3-91F9-BECE71FF1949}.Ad-Hoc|ARM.Deploy.0 = Release|Any CPU
		{275FC9CE-EDB6-43D3-91F9-BECE71FF1949}.Ad-Hoc|iPhone.ActiveCfg = Release|Any CPU
		{275FC9CE-EDB6-43D3-91F9-BECE71FF1949}.Ad-Hoc|iPhone.Build.0 = Release|Any CPU
		{275FC9CE-EDB6-43D3-91F9-BECE71FF1949}.Ad-Hoc|iPhone.Deploy.0 = Release|Any CPU
		{275FC9CE-EDB6-43D3-91F9-BECE71FF1949}.Ad-Hoc|iPhoneSimulator.ActiveCfg = Release|Any CPU
		{275FC9CE-EDB6-43D3-91F9-BECE71FF1949}.Ad-Hoc|iPhoneSimulator.Build.0 = Release|Any CPU
		{275FC9CE-EDB6-43D3-91F9-BECE71FF1949}.Ad-Hoc|iPhoneSimulator.Deploy.0 = Release|Any CPU
		{275FC9CE-EDB6-43D3-91F9-BECE71FF1949}.Ad-Hoc|x64.ActiveCfg = Release|Any CPU
		{275FC9CE-EDB6-43D3-91F9-BECE71FF1949}.Ad-Hoc|x64.Build.0 = Release|Any CPU
		{275FC9CE-EDB6-43D3-91F9-BECE71FF1949}.Ad-Hoc|x64.Deploy.0 = Release|Any CPU
		{275FC9CE-EDB6-43D3-91F9-BECE71FF1949}.Ad-Hoc|x86.ActiveCfg = Release|Any CPU
		{275FC9CE-EDB6-43D3-91F9-BECE71FF1949}.Ad-Hoc|x86.Build.0 = Release|Any CPU
		{275FC9CE-EDB6-43D3-91F9-BECE71FF1949}.Ad-Hoc|x86.Deploy.0 = Release|Any CPU
		{275FC9CE-EDB6-43D3-91F9-BECE71FF1949}.AppStore|Any CPU.ActiveCfg = Release|Any CPU
		{275FC9CE-EDB6-43D3-91F9-BECE71FF1949}.AppStore|Any CPU.Build.0 = Release|Any CPU
		{275FC9CE-EDB6-43D3-91F9-BECE71FF1949}.AppStore|Any CPU.Deploy.0 = Release|Any CPU
		{275FC9CE-EDB6-43D3-91F9-BECE71FF1949}.AppStore|ARM.ActiveCfg = Release|Any CPU
		{275FC9CE-EDB6-43D3-91F9-BECE71FF1949}.AppStore|ARM.Build.0 = Release|Any CPU
		{275FC9CE-EDB6-43D3-91F9-BECE71FF1949}.AppStore|ARM.Deploy.0 = Release|Any CPU
		{275FC9CE-EDB6-43D3-91F9-BECE71FF1949}.AppStore|iPhone.ActiveCfg = Release|Any CPU
		{275FC9CE-EDB6-43D3-91F9-BECE71FF1949}.AppStore|iPhone.Build.0 = Release|Any CPU
		{275FC9CE-EDB6-43D3-91F9-BECE71FF1949}.AppStore|iPhone.Deploy.0 = Release|Any CPU
		{275FC9CE-EDB6-43D3-91F9-BECE71FF1949}.AppStore|iPhoneSimulator.ActiveCfg = Release|Any CPU
		{275FC9CE-EDB6-43D3-91F9-BECE71FF1949}.AppStore|iPhoneSimulator.Build.0 = Release|Any CPU
		{275FC9CE-EDB6-43D3-91F9-BECE71FF1949}.AppStore|iPhoneSimulator.Deploy.0 = Release|Any CPU
		{275FC9CE-EDB6-43D3-91F9-BECE71FF1949}.AppStore|x64.ActiveCfg = Release|Any CPU
		{275FC9CE-EDB6-43D3-91F9-BECE71FF1949}.AppStore|x64.Build.0 = Release|Any CPU
		{275FC9CE-EDB6-43D3-91F9-BECE71FF1949}.AppStore|x64.Deploy.0 = Release|Any CPU
		{275FC9CE-EDB6-43D3-91F9-BECE71FF1949}.AppStore|x86.ActiveCfg = Release|Any CPU
		{275FC9CE-EDB6-43D3-91F9-BECE71FF1949}.AppStore|x86.Build.0 = Release|Any CPU
		{275FC9CE-EDB6-43D3-91F9-BECE71FF1949}.AppStore|x86.Deploy.0 = Release|Any CPU
		{275FC9CE-EDB6-43D3-91F9-BECE71FF1949}.Debug|Any CPU.ActiveCfg = Debug|Any CPU
		{275FC9CE-EDB6-43D3-91F9-BECE71FF1949}.Debug|Any CPU.Build.0 = Debug|Any CPU
		{275FC9CE-EDB6-43D3-91F9-BECE71FF1949}.Debug|Any CPU.Deploy.0 = Debug|Any CPU
		{275FC9CE-EDB6-43D3-91F9-BECE71FF1949}.Debug|ARM.ActiveCfg = Debug|Any CPU
		{275FC9CE-EDB6-43D3-91F9-BECE71FF1949}.Debug|ARM.Build.0 = Debug|Any CPU
		{275FC9CE-EDB6-43D3-91F9-BECE71FF1949}.Debug|ARM.Deploy.0 = Debug|Any CPU
		{275FC9CE-EDB6-43D3-91F9-BECE71FF1949}.Debug|iPhone.ActiveCfg = Debug|Any CPU
		{275FC9CE-EDB6-43D3-91F9-BECE71FF1949}.Debug|iPhone.Build.0 = Debug|Any CPU
		{275FC9CE-EDB6-43D3-91F9-BECE71FF1949}.Debug|iPhone.Deploy.0 = Debug|Any CPU
		{275FC9CE-EDB6-43D3-91F9-BECE71FF1949}.Debug|iPhoneSimulator.ActiveCfg = Debug|Any CPU
		{275FC9CE-EDB6-43D3-91F9-BECE71FF1949}.Debug|iPhoneSimulator.Build.0 = Debug|Any CPU
		{275FC9CE-EDB6-43D3-91F9-BECE71FF1949}.Debug|iPhoneSimulator.Deploy.0 = Debug|Any CPU
		{275FC9CE-EDB6-43D3-91F9-BECE71FF1949}.Debug|x64.ActiveCfg = Debug|Any CPU
		{275FC9CE-EDB6-43D3-91F9-BECE71FF1949}.Debug|x64.Build.0 = Debug|Any CPU
		{275FC9CE-EDB6-43D3-91F9-BECE71FF1949}.Debug|x64.Deploy.0 = Debug|Any CPU
		{275FC9CE-EDB6-43D3-91F9-BECE71FF1949}.Debug|x86.ActiveCfg = Debug|Any CPU
		{275FC9CE-EDB6-43D3-91F9-BECE71FF1949}.Debug|x86.Build.0 = Debug|Any CPU
		{275FC9CE-EDB6-43D3-91F9-BECE71FF1949}.Debug|x86.Deploy.0 = Debug|Any CPU
		{275FC9CE-EDB6-43D3-91F9-BECE71FF1949}.Release|Any CPU.ActiveCfg = Release|Any CPU
		{275FC9CE-EDB6-43D3-91F9-BECE71FF1949}.Release|Any CPU.Build.0 = Release|Any CPU
		{275FC9CE-EDB6-43D3-91F9-BECE71FF1949}.Release|Any CPU.Deploy.0 = Release|Any CPU
		{275FC9CE-EDB6-43D3-91F9-BECE71FF1949}.Release|ARM.ActiveCfg = Release|Any CPU
		{275FC9CE-EDB6-43D3-91F9-BECE71FF1949}.Release|ARM.Build.0 = Release|Any CPU
		{275FC9CE-EDB6-43D3-91F9-BECE71FF1949}.Release|ARM.Deploy.0 = Release|Any CPU
		{275FC9CE-EDB6-43D3-91F9-BECE71FF1949}.Release|iPhone.ActiveCfg = Release|Any CPU
		{275FC9CE-EDB6-43D3-91F9-BECE71FF1949}.Release|iPhone.Build.0 = Release|Any CPU
		{275FC9CE-EDB6-43D3-91F9-BECE71FF1949}.Release|iPhone.Deploy.0 = Release|Any CPU
		{275FC9CE-EDB6-43D3-91F9-BECE71FF1949}.Release|iPhoneSimulator.ActiveCfg = Release|Any CPU
		{275FC9CE-EDB6-43D3-91F9-BECE71FF1949}.Release|iPhoneSimulator.Build.0 = Release|Any CPU
		{275FC9CE-EDB6-43D3-91F9-BECE71FF1949}.Release|iPhoneSimulator.Deploy.0 = Release|Any CPU
		{275FC9CE-EDB6-43D3-91F9-BECE71FF1949}.Release|x64.ActiveCfg = Release|Any CPU
		{275FC9CE-EDB6-43D3-91F9-BECE71FF1949}.Release|x64.Build.0 = Release|Any CPU
		{275FC9CE-EDB6-43D3-91F9-BECE71FF1949}.Release|x64.Deploy.0 = Release|Any CPU
		{275FC9CE-EDB6-43D3-91F9-BECE71FF1949}.Release|x86.ActiveCfg = Release|Any CPU
		{275FC9CE-EDB6-43D3-91F9-BECE71FF1949}.Release|x86.Build.0 = Release|Any CPU
		{275FC9CE-EDB6-43D3-91F9-BECE71FF1949}.Release|x86.Deploy.0 = Release|Any CPU
		{F7E342C6-05C0-4D27-88C4-BACEF92D4A34}.Ad-Hoc|Any CPU.ActiveCfg = Ad-Hoc|iPhone
		{F7E342C6-05C0-4D27-88C4-BACEF92D4A34}.Ad-Hoc|ARM.ActiveCfg = Ad-Hoc|iPhone
		{F7E342C6-05C0-4D27-88C4-BACEF92D4A34}.Ad-Hoc|iPhone.ActiveCfg = Ad-Hoc|iPhone
		{F7E342C6-05C0-4D27-88C4-BACEF92D4A34}.Ad-Hoc|iPhone.Build.0 = Ad-Hoc|iPhone
		{F7E342C6-05C0-4D27-88C4-BACEF92D4A34}.Ad-Hoc|iPhoneSimulator.ActiveCfg = Ad-Hoc|iPhoneSimulator
		{F7E342C6-05C0-4D27-88C4-BACEF92D4A34}.Ad-Hoc|iPhoneSimulator.Build.0 = Ad-Hoc|iPhoneSimulator
		{F7E342C6-05C0-4D27-88C4-BACEF92D4A34}.Ad-Hoc|x64.ActiveCfg = Ad-Hoc|iPhone
		{F7E342C6-05C0-4D27-88C4-BACEF92D4A34}.Ad-Hoc|x86.ActiveCfg = Ad-Hoc|iPhone
		{F7E342C6-05C0-4D27-88C4-BACEF92D4A34}.AppStore|Any CPU.ActiveCfg = AppStore|iPhone
		{F7E342C6-05C0-4D27-88C4-BACEF92D4A34}.AppStore|ARM.ActiveCfg = AppStore|iPhone
		{F7E342C6-05C0-4D27-88C4-BACEF92D4A34}.AppStore|iPhone.ActiveCfg = AppStore|iPhone
		{F7E342C6-05C0-4D27-88C4-BACEF92D4A34}.AppStore|iPhone.Build.0 = AppStore|iPhone
		{F7E342C6-05C0-4D27-88C4-BACEF92D4A34}.AppStore|iPhoneSimulator.ActiveCfg = AppStore|iPhoneSimulator
		{F7E342C6-05C0-4D27-88C4-BACEF92D4A34}.AppStore|iPhoneSimulator.Build.0 = AppStore|iPhoneSimulator
		{F7E342C6-05C0-4D27-88C4-BACEF92D4A34}.AppStore|x64.ActiveCfg = AppStore|iPhone
		{F7E342C6-05C0-4D27-88C4-BACEF92D4A34}.AppStore|x86.ActiveCfg = AppStore|iPhone
		{F7E342C6-05C0-4D27-88C4-BACEF92D4A34}.Debug|Any CPU.ActiveCfg = Debug|iPhone
		{F7E342C6-05C0-4D27-88C4-BACEF92D4A34}.Debug|ARM.ActiveCfg = Debug|iPhone
		{F7E342C6-05C0-4D27-88C4-BACEF92D4A34}.Debug|iPhone.ActiveCfg = Debug|iPhone
		{F7E342C6-05C0-4D27-88C4-BACEF92D4A34}.Debug|iPhone.Build.0 = Debug|iPhone
		{F7E342C6-05C0-4D27-88C4-BACEF92D4A34}.Debug|iPhoneSimulator.ActiveCfg = Debug|iPhoneSimulator
		{F7E342C6-05C0-4D27-88C4-BACEF92D4A34}.Debug|iPhoneSimulator.Build.0 = Debug|iPhoneSimulator
		{F7E342C6-05C0-4D27-88C4-BACEF92D4A34}.Debug|x64.ActiveCfg = Debug|iPhone
		{F7E342C6-05C0-4D27-88C4-BACEF92D4A34}.Debug|x86.ActiveCfg = Debug|iPhone
		{F7E342C6-05C0-4D27-88C4-BACEF92D4A34}.Release|Any CPU.ActiveCfg = Release|iPhone
		{F7E342C6-05C0-4D27-88C4-BACEF92D4A34}.Release|ARM.ActiveCfg = Release|iPhone
		{F7E342C6-05C0-4D27-88C4-BACEF92D4A34}.Release|iPhone.ActiveCfg = Release|iPhone
		{F7E342C6-05C0-4D27-88C4-BACEF92D4A34}.Release|iPhone.Build.0 = Release|iPhone
		{F7E342C6-05C0-4D27-88C4-BACEF92D4A34}.Release|iPhoneSimulator.ActiveCfg = Release|iPhoneSimulator
		{F7E342C6-05C0-4D27-88C4-BACEF92D4A34}.Release|iPhoneSimulator.Build.0 = Release|iPhoneSimulator
		{F7E342C6-05C0-4D27-88C4-BACEF92D4A34}.Release|x64.ActiveCfg = Release|iPhone
		{F7E342C6-05C0-4D27-88C4-BACEF92D4A34}.Release|x86.ActiveCfg = Release|iPhone
		{0DD6307A-9B35-448C-B29E-21C197A54097}.Ad-Hoc|Any CPU.ActiveCfg = Release|x86
		{0DD6307A-9B35-448C-B29E-21C197A54097}.Ad-Hoc|Any CPU.Build.0 = Release|x86
		{0DD6307A-9B35-448C-B29E-21C197A54097}.Ad-Hoc|Any CPU.Deploy.0 = Release|x86
		{0DD6307A-9B35-448C-B29E-21C197A54097}.Ad-Hoc|ARM.ActiveCfg = Release|ARM
		{0DD6307A-9B35-448C-B29E-21C197A54097}.Ad-Hoc|ARM.Build.0 = Release|ARM
		{0DD6307A-9B35-448C-B29E-21C197A54097}.Ad-Hoc|ARM.Deploy.0 = Release|ARM
		{0DD6307A-9B35-448C-B29E-21C197A54097}.Ad-Hoc|iPhone.ActiveCfg = Release|x86
		{0DD6307A-9B35-448C-B29E-21C197A54097}.Ad-Hoc|iPhone.Build.0 = Release|x86
		{0DD6307A-9B35-448C-B29E-21C197A54097}.Ad-Hoc|iPhone.Deploy.0 = Release|x86
		{0DD6307A-9B35-448C-B29E-21C197A54097}.Ad-Hoc|iPhoneSimulator.ActiveCfg = Release|x86
		{0DD6307A-9B35-448C-B29E-21C197A54097}.Ad-Hoc|iPhoneSimulator.Build.0 = Release|x86
		{0DD6307A-9B35-448C-B29E-21C197A54097}.Ad-Hoc|iPhoneSimulator.Deploy.0 = Release|x86
		{0DD6307A-9B35-448C-B29E-21C197A54097}.Ad-Hoc|x64.ActiveCfg = Release|x64
		{0DD6307A-9B35-448C-B29E-21C197A54097}.Ad-Hoc|x64.Build.0 = Release|x64
		{0DD6307A-9B35-448C-B29E-21C197A54097}.Ad-Hoc|x64.Deploy.0 = Release|x64
		{0DD6307A-9B35-448C-B29E-21C197A54097}.Ad-Hoc|x86.ActiveCfg = Release|x86
		{0DD6307A-9B35-448C-B29E-21C197A54097}.Ad-Hoc|x86.Build.0 = Release|x86
		{0DD6307A-9B35-448C-B29E-21C197A54097}.Ad-Hoc|x86.Deploy.0 = Release|x86
		{0DD6307A-9B35-448C-B29E-21C197A54097}.AppStore|Any CPU.ActiveCfg = Release|x86
		{0DD6307A-9B35-448C-B29E-21C197A54097}.AppStore|Any CPU.Build.0 = Release|x86
		{0DD6307A-9B35-448C-B29E-21C197A54097}.AppStore|Any CPU.Deploy.0 = Release|x86
		{0DD6307A-9B35-448C-B29E-21C197A54097}.AppStore|ARM.ActiveCfg = Release|ARM
		{0DD6307A-9B35-448C-B29E-21C197A54097}.AppStore|ARM.Build.0 = Release|ARM
		{0DD6307A-9B35-448C-B29E-21C197A54097}.AppStore|ARM.Deploy.0 = Release|ARM
		{0DD6307A-9B35-448C-B29E-21C197A54097}.AppStore|iPhone.ActiveCfg = Release|x86
		{0DD6307A-9B35-448C-B29E-21C197A54097}.AppStore|iPhone.Build.0 = Release|x86
		{0DD6307A-9B35-448C-B29E-21C197A54097}.AppStore|iPhone.Deploy.0 = Release|x86
		{0DD6307A-9B35-448C-B29E-21C197A54097}.AppStore|iPhoneSimulator.ActiveCfg = Release|x86
		{0DD6307A-9B35-448C-B29E-21C197A54097}.AppStore|iPhoneSimulator.Build.0 = Release|x86
		{0DD6307A-9B35-448C-B29E-21C197A54097}.AppStore|iPhoneSimulator.Deploy.0 = Release|x86
		{0DD6307A-9B35-448C-B29E-21C197A54097}.AppStore|x64.ActiveCfg = Release|x64
		{0DD6307A-9B35-448C-B29E-21C197A54097}.AppStore|x64.Build.0 = Release|x64
		{0DD6307A-9B35-448C-B29E-21C197A54097}.AppStore|x64.Deploy.0 = Release|x64
		{0DD6307A-9B35-448C-B29E-21C197A54097}.AppStore|x86.ActiveCfg = Release|x86
		{0DD6307A-9B35-448C-B29E-21C197A54097}.AppStore|x86.Build.0 = Release|x86
		{0DD6307A-9B35-448C-B29E-21C197A54097}.AppStore|x86.Deploy.0 = Release|x86
		{0DD6307A-9B35-448C-B29E-21C197A54097}.Debug|Any CPU.ActiveCfg = Debug|x86
		{0DD6307A-9B35-448C-B29E-21C197A54097}.Debug|Any CPU.Build.0 = Debug|x86
		{0DD6307A-9B35-448C-B29E-21C197A54097}.Debug|Any CPU.Deploy.0 = Debug|x86
		{0DD6307A-9B35-448C-B29E-21C197A54097}.Debug|ARM.ActiveCfg = Debug|ARM
		{0DD6307A-9B35-448C-B29E-21C197A54097}.Debug|ARM.Build.0 = Debug|ARM
		{0DD6307A-9B35-448C-B29E-21C197A54097}.Debug|ARM.Deploy.0 = Debug|ARM
		{0DD6307A-9B35-448C-B29E-21C197A54097}.Debug|iPhone.ActiveCfg = Debug|x86
		{0DD6307A-9B35-448C-B29E-21C197A54097}.Debug|iPhoneSimulator.ActiveCfg = Debug|x86
		{0DD6307A-9B35-448C-B29E-21C197A54097}.Debug|x64.ActiveCfg = Debug|x64
		{0DD6307A-9B35-448C-B29E-21C197A54097}.Debug|x64.Build.0 = Debug|x64
		{0DD6307A-9B35-448C-B29E-21C197A54097}.Debug|x64.Deploy.0 = Debug|x64
		{0DD6307A-9B35-448C-B29E-21C197A54097}.Debug|x86.ActiveCfg = Debug|x86
		{0DD6307A-9B35-448C-B29E-21C197A54097}.Debug|x86.Build.0 = Debug|x86
		{0DD6307A-9B35-448C-B29E-21C197A54097}.Debug|x86.Deploy.0 = Debug|x86
		{0DD6307A-9B35-448C-B29E-21C197A54097}.Release|Any CPU.ActiveCfg = Release|x86
		{0DD6307A-9B35-448C-B29E-21C197A54097}.Release|ARM.ActiveCfg = Release|ARM
		{0DD6307A-9B35-448C-B29E-21C197A54097}.Release|ARM.Build.0 = Release|ARM
		{0DD6307A-9B35-448C-B29E-21C197A54097}.Release|ARM.Deploy.0 = Release|ARM
		{0DD6307A-9B35-448C-B29E-21C197A54097}.Release|iPhone.ActiveCfg = Release|x86
		{0DD6307A-9B35-448C-B29E-21C197A54097}.Release|iPhoneSimulator.ActiveCfg = Release|x86
		{0DD6307A-9B35-448C-B29E-21C197A54097}.Release|x64.ActiveCfg = Release|x64
		{0DD6307A-9B35-448C-B29E-21C197A54097}.Release|x64.Build.0 = Release|x64
		{0DD6307A-9B35-448C-B29E-21C197A54097}.Release|x64.Deploy.0 = Release|x64
		{0DD6307A-9B35-448C-B29E-21C197A54097}.Release|x86.ActiveCfg = Release|x86
		{0DD6307A-9B35-448C-B29E-21C197A54097}.Release|x86.Build.0 = Release|x86
		{0DD6307A-9B35-448C-B29E-21C197A54097}.Release|x86.Deploy.0 = Release|x86
		{9CC1479D-8DD0-4A0A-A39F-8DCA33B55081}.Ad-Hoc|Any CPU.ActiveCfg = Release|Any CPU
		{9CC1479D-8DD0-4A0A-A39F-8DCA33B55081}.Ad-Hoc|Any CPU.Build.0 = Release|Any CPU
		{9CC1479D-8DD0-4A0A-A39F-8DCA33B55081}.Ad-Hoc|ARM.ActiveCfg = Release|Any CPU
		{9CC1479D-8DD0-4A0A-A39F-8DCA33B55081}.Ad-Hoc|ARM.Build.0 = Release|Any CPU
		{9CC1479D-8DD0-4A0A-A39F-8DCA33B55081}.Ad-Hoc|iPhone.ActiveCfg = Release|Any CPU
		{9CC1479D-8DD0-4A0A-A39F-8DCA33B55081}.Ad-Hoc|iPhone.Build.0 = Release|Any CPU
		{9CC1479D-8DD0-4A0A-A39F-8DCA33B55081}.Ad-Hoc|iPhoneSimulator.ActiveCfg = Release|Any CPU
		{9CC1479D-8DD0-4A0A-A39F-8DCA33B55081}.Ad-Hoc|iPhoneSimulator.Build.0 = Release|Any CPU
		{9CC1479D-8DD0-4A0A-A39F-8DCA33B55081}.Ad-Hoc|x64.ActiveCfg = Release|Any CPU
		{9CC1479D-8DD0-4A0A-A39F-8DCA33B55081}.Ad-Hoc|x64.Build.0 = Release|Any CPU
		{9CC1479D-8DD0-4A0A-A39F-8DCA33B55081}.Ad-Hoc|x86.ActiveCfg = Release|Any CPU
		{9CC1479D-8DD0-4A0A-A39F-8DCA33B55081}.Ad-Hoc|x86.Build.0 = Release|Any CPU
		{9CC1479D-8DD0-4A0A-A39F-8DCA33B55081}.AppStore|Any CPU.ActiveCfg = Release|Any CPU
		{9CC1479D-8DD0-4A0A-A39F-8DCA33B55081}.AppStore|Any CPU.Build.0 = Release|Any CPU
		{9CC1479D-8DD0-4A0A-A39F-8DCA33B55081}.AppStore|ARM.ActiveCfg = Release|Any CPU
		{9CC1479D-8DD0-4A0A-A39F-8DCA33B55081}.AppStore|ARM.Build.0 = Release|Any CPU
		{9CC1479D-8DD0-4A0A-A39F-8DCA33B55081}.AppStore|iPhone.ActiveCfg = Release|Any CPU
		{9CC1479D-8DD0-4A0A-A39F-8DCA33B55081}.AppStore|iPhone.Build.0 = Release|Any CPU
		{9CC1479D-8DD0-4A0A-A39F-8DCA33B55081}.AppStore|iPhoneSimulator.ActiveCfg = Release|Any CPU
		{9CC1479D-8DD0-4A0A-A39F-8DCA33B55081}.AppStore|iPhoneSimulator.Build.0 = Release|Any CPU
		{9CC1479D-8DD0-4A0A-A39F-8DCA33B55081}.AppStore|x64.ActiveCfg = Release|Any CPU
		{9CC1479D-8DD0-4A0A-A39F-8DCA33B55081}.AppStore|x64.Build.0 = Release|Any CPU
		{9CC1479D-8DD0-4A0A-A39F-8DCA33B55081}.AppStore|x86.ActiveCfg = Release|Any CPU
		{9CC1479D-8DD0-4A0A-A39F-8DCA33B55081}.AppStore|x86.Build.0 = Release|Any CPU
		{9CC1479D-8DD0-4A0A-A39F-8DCA33B55081}.Debug|Any CPU.ActiveCfg = Debug|Any CPU
		{9CC1479D-8DD0-4A0A-A39F-8DCA33B55081}.Debug|Any CPU.Build.0 = Debug|Any CPU
		{9CC1479D-8DD0-4A0A-A39F-8DCA33B55081}.Debug|ARM.ActiveCfg = Debug|Any CPU
		{9CC1479D-8DD0-4A0A-A39F-8DCA33B55081}.Debug|ARM.Build.0 = Debug|Any CPU
		{9CC1479D-8DD0-4A0A-A39F-8DCA33B55081}.Debug|iPhone.ActiveCfg = Debug|Any CPU
		{9CC1479D-8DD0-4A0A-A39F-8DCA33B55081}.Debug|iPhone.Build.0 = Debug|Any CPU
		{9CC1479D-8DD0-4A0A-A39F-8DCA33B55081}.Debug|iPhoneSimulator.ActiveCfg = Debug|Any CPU
		{9CC1479D-8DD0-4A0A-A39F-8DCA33B55081}.Debug|iPhoneSimulator.Build.0 = Debug|Any CPU
		{9CC1479D-8DD0-4A0A-A39F-8DCA33B55081}.Debug|x64.ActiveCfg = Debug|Any CPU
		{9CC1479D-8DD0-4A0A-A39F-8DCA33B55081}.Debug|x64.Build.0 = Debug|Any CPU
		{9CC1479D-8DD0-4A0A-A39F-8DCA33B55081}.Debug|x86.ActiveCfg = Debug|Any CPU
		{9CC1479D-8DD0-4A0A-A39F-8DCA33B55081}.Debug|x86.Build.0 = Debug|Any CPU
		{9CC1479D-8DD0-4A0A-A39F-8DCA33B55081}.Release|Any CPU.ActiveCfg = Release|Any CPU
		{9CC1479D-8DD0-4A0A-A39F-8DCA33B55081}.Release|Any CPU.Build.0 = Release|Any CPU
		{9CC1479D-8DD0-4A0A-A39F-8DCA33B55081}.Release|ARM.ActiveCfg = Release|Any CPU
		{9CC1479D-8DD0-4A0A-A39F-8DCA33B55081}.Release|ARM.Build.0 = Release|Any CPU
		{9CC1479D-8DD0-4A0A-A39F-8DCA33B55081}.Release|iPhone.ActiveCfg = Release|Any CPU
		{9CC1479D-8DD0-4A0A-A39F-8DCA33B55081}.Release|iPhone.Build.0 = Release|Any CPU
		{9CC1479D-8DD0-4A0A-A39F-8DCA33B55081}.Release|iPhoneSimulator.ActiveCfg = Release|Any CPU
		{9CC1479D-8DD0-4A0A-A39F-8DCA33B55081}.Release|iPhoneSimulator.Build.0 = Release|Any CPU
		{9CC1479D-8DD0-4A0A-A39F-8DCA33B55081}.Release|x64.ActiveCfg = Release|Any CPU
		{9CC1479D-8DD0-4A0A-A39F-8DCA33B55081}.Release|x64.Build.0 = Release|Any CPU
		{9CC1479D-8DD0-4A0A-A39F-8DCA33B55081}.Release|x86.ActiveCfg = Release|Any CPU
		{9CC1479D-8DD0-4A0A-A39F-8DCA33B55081}.Release|x86.Build.0 = Release|Any CPU
	EndGlobalSection
	GlobalSection(SolutionProperties) = preSolution
		HideSolutionNode = FALSE
	EndGlobalSection
EndGlobal
